
Microsoft Visual Studio Solution File, Format Version 12.00
# Visual Studio Version 17
VisualStudioVersion = 17.0.31903.59
MinimumVisualStudioVersion = 10.0.40219.1
Project("{FAE04EC0-301F-11D3-BF4B-00C04F79EFBC}") = "IdentityAccess.Contracts", "src\IdentityAccess.Contracts\IdentityAccess.Contracts.csproj", "{8BB2AA15-0B9E-582C-9973-C2DE7FA6552C}"
EndProject
Project("{FAE04EC0-301F-11D3-BF4B-00C04F79EFBC}") = "IdentityAccess.Domain", "src\IdentityAccess.Domain\IdentityAccess.Domain.csproj", "{08D321DA-2173-5737-A7B3-13F14D50FA69}"
EndProject
Project("{FAE04EC0-301F-11D3-BF4B-00C04F79EFBC}") = "IdentityAccess.Application", "src\IdentityAccess.Application\IdentityAccess.Application.csproj", "{15955DE0-E40C-599B-9776-32A9AAD92AD7}"
EndProject
Project("{FAE04EC0-301F-11D3-BF4B-00C04F79EFBC}") = "IdentityAccess.Api", "src\IdentityAccess.Api\IdentityAccess.Api.csproj", "{80831206-0809-523D-99B5-4182F581111F}"
EndProject
Project("{FAE04EC0-301F-11D3-BF4B-00C04F79EFBC}") = "IdentityAccess.Tests", "tests\IdentityAccess.Tests\IdentityAccess.Tests.csproj", "{68E7E100-E3AB-5B6F-B306-182CD97DCBB1}"
EndProject
Project("{FAE04EC0-301F-11D3-BF4B-00C04F79EFBC}") = "IdentityAccess.Infrastructure.ConfigurationRouting", "src\IdentityAccess.Infrastructure.ConfigurationRouting\IdentityAccess.Infrastructure.ConfigurationRouting.csproj", "{72EA5C31-67F2-466E-ABBA-7211981C46A3}"
EndProject
Project("{FAE04EC0-301F-11D3-BF4B-00C04F79EFBC}") = "IdentityAccess.Infrastructure.PostgreSql", "src\IdentityAccess.Infrastructure.PostgreSql\IdentityAccess.Infrastructure.PostgreSql.csproj", "{2A6DBD5D-A447-4B33-9D62-B7C2A5229E11}"
EndProject
Project("{FAE04EC0-301F-11D3-BF4B-00C04F79EFBC}") = "IdentityAccess.Rbac", "src\IdentityAccess.Rbac\IdentityAccess.Rbac.csproj", "{A8E411AB-3A1E-4A43-BCA7-73BFC4E16101}"
EndProject
Project("{FAE04EC0-301F-11D3-BF4B-00C04F79EFBC}") = "IdentityAccess.Rbac.MultiplexedAdapter", "src\IdentityAccess.Rbac.MultiplexedAdapter\IdentityAccess.Rbac.MultiplexedAdapter.csproj", "{0A0C87B4-D4A8-4634-A54E-1D071489DB02}"
EndProject
Project("{FAE04EC0-301F-11D3-BF4B-00C04F79EFBC}") = "IdentityAccess.Authorization", "src\IdentityAccess.Authorization\IdentityAccess.Authorization.csproj", "{5B7B621E-25D7-46A6-8B1C-B5EA35E53D41}"
EndProject
Project("{FAE04EC0-301F-11D3-BF4B-00C04F79EFBC}") = "IdentityAccess.Infrastructure.Authentication", "src\IdentityAccess.Infrastructure.Authentication\IdentityAccess.Infrastructure.Authentication.csproj", "{D4F7E879-4F0A-4C8A-9EF9-7FA1E01D8D71}"
EndProject
Project("{FAE04EC0-301F-11D3-BF4B-00C04F79EFBC}") = "IdentityAccess.Mfa.Totp", "src\IdentityAccess.Mfa.Totp\IdentityAccess.Mfa.Totp.csproj", "{90197501-4435-5757-A8C0-5511D899293F}"
EndProject
Project("{FAE04EC0-301F-11D3-BF4B-00C04F79EFBC}") = "IdentityAccess.Mfa.Recovery", "src\IdentityAccess.Mfa.Recovery\IdentityAccess.Mfa.Recovery.csproj", "{B17ACAF7-B9F1-4D07-BDFB-0E252699BE3F}"
EndProject
Project("{FAE04EC0-301F-11D3-BF4B-00C04F79EFBC}") = "IdentityAccess.Mfa.WebAuthn", "src\IdentityAccess.Mfa.WebAuthn\IdentityAccess.Mfa.WebAuthn.csproj", "{C6B4D5F1-6E1B-4A58-A92F-5B2BB88CFA46}"
EndProject
Project("{FAE04EC0-301F-11D3-BF4B-00C04F79EFBC}") = "OrganizationDirectory.Contracts", "src\OrganizationDirectory.Contracts\OrganizationDirectory.Contracts.csproj", "{1E302BA3-5E85-5C3F-AD32-4773CFBB8CCA}"
EndProject
Project("{FAE04EC0-301F-11D3-BF4B-00C04F79EFBC}") = "OrganizationDirectory.Domain", "src\OrganizationDirectory.Domain\OrganizationDirectory.Domain.csproj", "{5A3333AB-C1AA-55D3-8481-E8050002DE1A}"
EndProject
Project("{FAE04EC0-301F-11D3-BF4B-00C04F79EFBC}") = "OrganizationDirectory.Application", "src\OrganizationDirectory.Application\OrganizationDirectory.Application.csproj", "{910EA0A8-7504-550B-BB04-85AAD7763F85}"
EndProject
Project("{FAE04EC0-301F-11D3-BF4B-00C04F79EFBC}") = "OrganizationDirectory.Infrastructure.PostgreSql", "src\OrganizationDirectory.Infrastructure.PostgreSql\OrganizationDirectory.Infrastructure.PostgreSql.csproj", "{B3876F23-6514-5FB7-96A1-8FA2710DB8FB}"
EndProject
Project("{FAE04EC0-301F-11D3-BF4B-00C04F79EFBC}") = "OrganizationDirectory.Tests", "tests\OrganizationDirectory.Tests\OrganizationDirectory.Tests.csproj", "{997B6D47-15AB-5D21-96C7-278E1921ADD8}"
EndProject
Project("{FAE04EC0-301F-11D3-BF4B-00C04F79EFBC}") = "OrganizationDirectory.PostgreSqlProbe", "tests\OrganizationDirectory.PostgreSqlProbe\OrganizationDirectory.PostgreSqlProbe.csproj", "{1F26D797-12E7-5521-B87F-90EA62E9BBB6}"
EndProject
Project("{FAE04EC0-301F-11D3-BF4B-00C04F79EFBC}") = "OrganisationProfile.Domain", "src\OrganisationProfile.Domain\OrganisationProfile.Domain.csproj", "{C168DE48-8008-58EF-9139-84142B99F61F}"
EndProject
Project("{FAE04EC0-301F-11D3-BF4B-00C04F79EFBC}") = "OrganisationProfile.Application", "src\OrganisationProfile.Application\OrganisationProfile.Application.csproj", "{80F03AD9-CCEB-53AF-AA2F-B96C833A8E3B}"
EndProject
Project("{FAE04EC0-301F-11D3-BF4B-00C04F79EFBC}") = "OrganisationProfile.Infrastructure.PostgreSql", "src\OrganisationProfile.Infrastructure.PostgreSql\OrganisationProfile.Infrastructure.PostgreSql.csproj", "{B2289149-2A81-534A-8248-195432DCC2C8}"
EndProject
Project("{FAE04EC0-301F-11D3-BF4B-00C04F79EFBC}") = "OrganisationProfile.FoundationProbe", "tests\OrganisationProfile.FoundationProbe\OrganisationProfile.FoundationProbe.csproj", "{5B94ECF4-90C1-5DA1-B738-279303668ED7}"
EndProject
Project("{FAE04EC0-301F-11D3-BF4B-00C04F79EFBC}") = "OrganisationProfile.PostgreSqlProbe", "tests\OrganisationProfile.PostgreSqlProbe\OrganisationProfile.PostgreSqlProbe.csproj", "{90C87BDC-B9F2-55CD-930B-2804950DB55E}"
EndProject
Project("{FAE04EC0-301F-11D3-BF4B-00C04F79EFBC}") = "OrganisationProfile.TemplateCatalogProbe", "tests\OrganisationProfile.TemplateCatalogProbe\OrganisationProfile.TemplateCatalogProbe.csproj", "{8118F7E6-3FB9-509E-AF59-577268EEF548}"
EndProject
Project("{FAE04EC0-301F-11D3-BF4B-00C04F79EFBC}") = "OrganisationProfile.CompositionProbe", "tests\OrganisationProfile.CompositionProbe\OrganisationProfile.CompositionProbe.csproj", "{6D43572D-193D-5764-8493-3B1C350971D4}"
EndProject
Project("{2150E333-8FDC-42A3-9474-1A3956D46DE8}") = "tests", "tests", "{0AB3BF05-4346-4AA6-1389-037BE0695223}"
EndProject
Project("{FAE04EC0-301F-11D3-BF4B-00C04F79EFBC}") = "OrganisationProfile.QualificationProbe", "tests\OrganisationProfile.QualificationProbe\OrganisationProfile.QualificationProbe.csproj", "{894E6F10-435D-4458-AC40-FFA785186D91}"
EndProject
Project("{2150E333-8FDC-42A3-9474-1A3956D46DE8}") = "src", "src", "{827E0CD3-B72D-47B6-A68D-7590B98EB39B}"
EndProject
Global
	GlobalSection(SolutionConfigurationPlatforms) = preSolution
		Debug|Any CPU = Debug|Any CPU
		Debug|x64 = Debug|x64
		Debug|x86 = Debug|x86
		Release|Any CPU = Release|Any CPU
		Release|x64 = Release|x64
		Release|x86 = Release|x86
	EndGlobalSection
	GlobalSection(ProjectConfigurationPlatforms) = postSolution
		{8BB2AA15-0B9E-582C-9973-C2DE7FA6552C}.Debug|Any CPU.ActiveCfg = Debug|Any CPU
		{8BB2AA15-0B9E-582C-9973-C2DE7FA6552C}.Debug|Any CPU.Build.0 = Debug|Any CPU
		{8BB2AA15-0B9E-582C-9973-C2DE7FA6552C}.Debug|x64.ActiveCfg = Debug|Any CPU
		{8BB2AA15-0B9E-582C-9973-C2DE7FA6552C}.Debug|x64.Build.0 = Debug|Any CPU
		{8BB2AA15-0B9E-582C-9973-C2DE7FA6552C}.Debug|x86.ActiveCfg = Debug|Any CPU
		{8BB2AA15-0B9E-582C-9973-C2DE7FA6552C}.Debug|x86.Build.0 = Debug|Any CPU
		{8BB2AA15-0B9E-582C-9973-C2DE7FA6552C}.Release|Any CPU.ActiveCfg = Release|Any CPU
		{8BB2AA15-0B9E-582C-9973-C2DE7FA6552C}.Release|Any CPU.Build.0 = Release|Any CPU
		{8BB2AA15-0B9E-582C-9973-C2DE7FA6552C}.Release|x64.ActiveCfg = Release|Any CPU
		{8BB2AA15-0B9E-582C-9973-C2DE7FA6552C}.Release|x64.Build.0 = Release|Any CPU
		{8BB2AA15-0B9E-582C-9973-C2DE7FA6552C}.Release|x86.ActiveCfg = Release|Any CPU
		{8BB2AA15-0B9E-582C-9973-C2DE7FA6552C}.Release|x86.Build.0 = Release|Any CPU
		{08D321DA-2173-5737-A7B3-13F14D50FA69}.Debug|Any CPU.ActiveCfg = Debug|Any CPU
		{08D321DA-2173-5737-A7B3-13F14D50FA69}.Debug|Any CPU.Build.0 = Debug|Any CPU
		{08D321DA-2173-5737-A7B3-13F14D50FA69}.Debug|x64.ActiveCfg = Debug|Any CPU
		{08D321DA-2173-5737-A7B3-13F14D50FA69}.Debug|x64.Build.0 = Debug|Any CPU
		{08D321DA-2173-5737-A7B3-13F14D50FA69}.Debug|x86.ActiveCfg = Debug|Any CPU
		{08D321DA-2173-5737-A7B3-13F14D50FA69}.Debug|x86.Build.0 = Debug|Any CPU
		{08D321DA-2173-5737-A7B3-13F14D50FA69}.Release|Any CPU.ActiveCfg = Release|Any CPU
		{08D321DA-2173-5737-A7B3-13F14D50FA69}.Release|Any CPU.Build.0 = Release|Any CPU
		{08D321DA-2173-5737-A7B3-13F14D50FA69}.Release|x64.ActiveCfg = Release|Any CPU
		{08D321DA-2173-5737-A7B3-13F14D50FA69}.Release|x64.Build.0 = Release|Any CPU
		{08D321DA-2173-5737-A7B3-13F14D50FA69}.Release|x86.ActiveCfg = Release|Any CPU
		{08D321DA-2173-5737-A7B3-13F14D50FA69}.Release|x86.Build.0 = Release|Any CPU
		{15955DE0-E40C-599B-9776-32A9AAD92AD7}.Debug|Any CPU.ActiveCfg = Debug|Any CPU
		{15955DE0-E40C-599B-9776-32A9AAD92AD7}.Debug|Any CPU.Build.0 = Debug|Any CPU
		{15955DE0-E40C-599B-9776-32A9AAD92AD7}.Debug|x64.ActiveCfg = Debug|Any CPU
		{15955DE0-E40C-599B-9776-32A9AAD92AD7}.Debug|x64.Build.0 = Debug|Any CPU
		{15955DE0-E40C-599B-9776-32A9AAD92AD7}.Debug|x86.ActiveCfg = Debug|Any CPU
		{15955DE0-E40C-599B-9776-32A9AAD92AD7}.Debug|x86.Build.0 = Debug|Any CPU
		{15955DE0-E40C-599B-9776-32A9AAD92AD7}.Release|Any CPU.ActiveCfg = Release|Any CPU
		{15955DE0-E40C-599B-9776-32A9AAD92AD7}.Release|Any CPU.Build.0 = Release|Any CPU
		{15955DE0-E40C-599B-9776-32A9AAD92AD7}.Release|x64.ActiveCfg = Release|Any CPU
		{15955DE0-E40C-599B-9776-32A9AAD92AD7}.Release|x64.Build.0 = Release|Any CPU
		{15955DE0-E40C-599B-9776-32A9AAD92AD7}.Release|x86.ActiveCfg = Release|Any CPU
		{15955DE0-E40C-599B-9776-32A9AAD92AD7}.Release|x86.Build.0 = Release|Any CPU
		{80831206-0809-523D-99B5-4182F581111F}.Debug|Any CPU.ActiveCfg = Debug|Any CPU
		{80831206-0809-523D-99B5-4182F581111F}.Debug|Any CPU.Build.0 = Debug|Any CPU
		{80831206-0809-523D-99B5-4182F581111F}.Debug|x64.ActiveCfg = Debug|Any CPU
		{80831206-0809-523D-99B5-4182F581111F}.Debug|x64.Build.0 = Debug|Any CPU
		{80831206-0809-523D-99B5-4182F581111F}.Debug|x86.ActiveCfg = Debug|Any CPU
		{80831206-0809-523D-99B5-4182F581111F}.Debug|x86.Build.0 = Debug|Any CPU
		{80831206-0809-523D-99B5-4182F581111F}.Release|Any CPU.ActiveCfg = Release|Any CPU
		{80831206-0809-523D-99B5-4182F581111F}.Release|Any CPU.Build.0 = Release|Any CPU
		{80831206-0809-523D-99B5-4182F581111F}.Release|x64.ActiveCfg = Release|Any CPU
		{80831206-0809-523D-99B5-4182F581111F}.Release|x64.Build.0 = Release|Any CPU
		{80831206-0809-523D-99B5-4182F581111F}.Release|x86.ActiveCfg = Release|Any CPU
		{80831206-0809-523D-99B5-4182F581111F}.Release|x86.Build.0 = Release|Any CPU
		{68E7E100-E3AB-5B6F-B306-182CD97DCBB1}.Debug|Any CPU.ActiveCfg = Debug|Any CPU
		{68E7E100-E3AB-5B6F-B306-182CD97DCBB1}.Debug|Any CPU.Build.0 = Debug|Any CPU
		{68E7E100-E3AB-5B6F-B306-182CD97DCBB1}.Debug|x64.ActiveCfg = Debug|Any CPU
		{68E7E100-E3AB-5B6F-B306-182CD97DCBB1}.Debug|x64.Build.0 = Debug|Any CPU
		{68E7E100-E3AB-5B6F-B306-182CD97DCBB1}.Debug|x86.ActiveCfg = Debug|Any CPU
		{68E7E100-E3AB-5B6F-B306-182CD97DCBB1}.Debug|x86.Build.0 = Debug|Any CPU
		{68E7E100-E3AB-5B6F-B306-182CD97DCBB1}.Release|Any CPU.ActiveCfg = Release|Any CPU
		{68E7E100-E3AB-5B6F-B306-182CD97DCBB1}.Release|Any CPU.Build.0 = Release|Any CPU
		{68E7E100-E3AB-5B6F-B306-182CD97DCBB1}.Release|x64.ActiveCfg = Release|Any CPU
		{68E7E100-E3AB-5B6F-B306-182CD97DCBB1}.Release|x64.Build.0 = Release|Any CPU
		{68E7E100-E3AB-5B6F-B306-182CD97DCBB1}.Release|x86.ActiveCfg = Release|Any CPU
		{68E7E100-E3AB-5B6F-B306-182CD97DCBB1}.Release|x86.Build.0 = Release|Any CPU
		{72EA5C31-67F2-466E-ABBA-7211981C46A3}.Debug|Any CPU.ActiveCfg = Debug|Any CPU
		{72EA5C31-67F2-466E-ABBA-7211981C46A3}.Debug|Any CPU.Build.0 = Debug|Any CPU
		{72EA5C31-67F2-466E-ABBA-7211981C46A3}.Debug|x64.ActiveCfg = Debug|Any CPU
		{72EA5C31-67F2-466E-ABBA-7211981C46A3}.Debug|x64.Build.0 = Debug|Any CPU
		{72EA5C31-67F2-466E-ABBA-7211981C46A3}.Debug|x86.ActiveCfg = Debug|Any CPU
		{72EA5C31-67F2-466E-ABBA-7211981C46A3}.Debug|x86.Build.0 = Debug|Any CPU
		{72EA5C31-67F2-466E-ABBA-7211981C46A3}.Release|Any CPU.ActiveCfg = Release|Any CPU
		{72EA5C31-67F2-466E-ABBA-7211981C46A3}.Release|Any CPU.Build.0 = Release|Any CPU
		{72EA5C31-67F2-466E-ABBA-7211981C46A3}.Release|x64.ActiveCfg = Release|Any CPU
		{72EA5C31-67F2-466E-ABBA-7211981C46A3}.Release|x64.Build.0 = Release|Any CPU
		{72EA5C31-67F2-466E-ABBA-7211981C46A3}.Release|x86.ActiveCfg = Release|Any CPU
		{72EA5C31-67F2-466E-ABBA-7211981C46A3}.Release|x86.Build.0 = Release|Any CPU
		{2A6DBD5D-A447-4B33-9D62-B7C2A5229E11}.Debug|Any CPU.ActiveCfg = Debug|Any CPU
		{2A6DBD5D-A447-4B33-9D62-B7C2A5229E11}.Debug|Any CPU.Build.0 = Debug|Any CPU
		{2A6DBD5D-A447-4B33-9D62-B7C2A5229E11}.Debug|x64.ActiveCfg = Debug|Any CPU
		{2A6DBD5D-A447-4B33-9D62-B7C2A5229E11}.Debug|x64.Build.0 = Debug|Any CPU
		{2A6DBD5D-A447-4B33-9D62-B7C2A5229E11}.Debug|x86.ActiveCfg = Debug|Any CPU
		{2A6DBD5D-A447-4B33-9D62-B7C2A5229E11}.Debug|x86.Build.0 = Debug|Any CPU
		{2A6DBD5D-A447-4B33-9D62-B7C2A5229E11}.Release|Any CPU.ActiveCfg = Release|Any CPU
		{2A6DBD5D-A447-4B33-9D62-B7C2A5229E11}.Release|Any CPU.Build.0 = Release|Any CPU
		{2A6DBD5D-A447-4B33-9D62-B7C2A5229E11}.Release|x64.ActiveCfg = Release|Any CPU
		{2A6DBD5D-A447-4B33-9D62-B7C2A5229E11}.Release|x64.Build.0 = Release|Any CPU
		{2A6DBD5D-A447-4B33-9D62-B7C2A5229E11}.Release|x86.ActiveCfg = Release|Any CPU
		{2A6DBD5D-A447-4B33-9D62-B7C2A5229E11}.Release|x86.Build.0 = Release|Any CPU
		{A8E411AB-3A1E-4A43-BCA7-73BFC4E16101}.Debug|Any CPU.ActiveCfg = Debug|Any CPU
		{A8E411AB-3A1E-4A43-BCA7-73BFC4E16101}.Debug|Any CPU.Build.0 = Debug|Any CPU
		{A8E411AB-3A1E-4A43-BCA7-73BFC4E16101}.Debug|x64.ActiveCfg = Debug|Any CPU
		{A8E411AB-3A1E-4A43-BCA7-73BFC4E16101}.Debug|x64.Build.0 = Debug|Any CPU
		{A8E411AB-3A1E-4A43-BCA7-73BFC4E16101}.Debug|x86.ActiveCfg = Debug|Any CPU
		{A8E411AB-3A1E-4A43-BCA7-73BFC4E16101}.Debug|x86.Build.0 = Debug|Any CPU
		{A8E411AB-3A1E-4A43-BCA7-73BFC4E16101}.Release|Any CPU.ActiveCfg = Release|Any CPU
		{A8E411AB-3A1E-4A43-BCA7-73BFC4E16101}.Release|Any CPU.Build.0 = Release|Any CPU
		{A8E411AB-3A1E-4A43-BCA7-73BFC4E16101}.Release|x64.ActiveCfg = Release|Any CPU
		{A8E411AB-3A1E-4A43-BCA7-73BFC4E16101}.Release|x64.Build.0 = Release|Any CPU
		{A8E411AB-3A1E-4A43-BCA7-73BFC4E16101}.Release|x86.ActiveCfg = Release|Any CPU
		{A8E411AB-3A1E-4A43-BCA7-73BFC4E16101}.Release|x86.Build.0 = Release|Any CPU
		{0A0C87B4-D4A8-4634-A54E-1D071489DB02}.Debug|Any CPU.ActiveCfg = Debug|Any CPU
		{0A0C87B4-D4A8-4634-A54E-1D071489DB02}.Debug|Any CPU.Build.0 = Debug|Any CPU
		{0A0C87B4-D4A8-4634-A54E-1D071489DB02}.Debug|x64.ActiveCfg = Debug|Any CPU
		{0A0C87B4-D4A8-4634-A54E-1D071489DB02}.Debug|x64.Build.0 = Debug|Any CPU
		{0A0C87B4-D4A8-4634-A54E-1D071489DB02}.Debug|x86.ActiveCfg = Debug|Any CPU
		{0A0C87B4-D4A8-4634-A54E-1D071489DB02}.Debug|x86.Build.0 = Debug|Any CPU
		{0A0C87B4-D4A8-4634-A54E-1D071489DB02}.Release|Any CPU.ActiveCfg = Release|Any CPU
		{0A0C87B4-D4A8-4634-A54E-1D071489DB02}.Release|Any CPU.Build.0 = Release|Any CPU
		{0A0C87B4-D4A8-4634-A54E-1D071489DB02}.Release|x64.ActiveCfg = Release|Any CPU
		{0A0C87B4-D4A8-4634-A54E-1D071489DB02}.Release|x64.Build.0 = Release|Any CPU
		{0A0C87B4-D4A8-4634-A54E-1D071489DB02}.Release|x86.ActiveCfg = Release|Any CPU
		{0A0C87B4-D4A8-4634-A54E-1D071489DB02}.Release|x86.Build.0 = Release|Any CPU
		{5B7B621E-25D7-46A6-8B1C-B5EA35E53D41}.Debug|Any CPU.ActiveCfg = Debug|Any CPU
		{5B7B621E-25D7-46A6-8B1C-B5EA35E53D41}.Debug|Any CPU.Build.0 = Debug|Any CPU
		{5B7B621E-25D7-46A6-8B1C-B5EA35E53D41}.Debug|x64.ActiveCfg = Debug|Any CPU
		{5B7B621E-25D7-46A6-8B1C-B5EA35E53D41}.Debug|x64.Build.0 = Debug|Any CPU
		{5B7B621E-25D7-46A6-8B1C-B5EA35E53D41}.Debug|x86.ActiveCfg = Debug|Any CPU
		{5B7B621E-25D7-46A6-8B1C-B5EA35E53D41}.Debug|x86.Build.0 = Debug|Any CPU
		{5B7B621E-25D7-46A6-8B1C-B5EA35E53D41}.Release|Any CPU.ActiveCfg = Release|Any CPU
		{5B7B621E-25D7-46A6-8B1C-B5EA35E53D41}.Release|Any CPU.Build.0 = Release|Any CPU
		{5B7B621E-25D7-46A6-8B1C-B5EA35E53D41}.Release|x64.ActiveCfg = Release|Any CPU
		{5B7B621E-25D7-46A6-8B1C-B5EA35E53D41}.Release|x64.Build.0 = Release|Any CPU
		{5B7B621E-25D7-46A6-8B1C-B5EA35E53D41}.Release|x86.ActiveCfg = Release|Any CPU
		{5B7B621E-25D7-46A6-8B1C-B5EA35E53D41}.Release|x86.Build.0 = Release|Any CPU
		{D4F7E879-4F0A-4C8A-9EF9-7FA1E01D8D71}.Debug|Any CPU.ActiveCfg = Debug|Any CPU
		{D4F7E879-4F0A-4C8A-9EF9-7FA1E01D8D71}.Debug|Any CPU.Build.0 = Debug|Any CPU
		{D4F7E879-4F0A-4C8A-9EF9-7FA1E01D8D71}.Debug|x64.ActiveCfg = Debug|Any CPU
		{D4F7E879-4F0A-4C8A-9EF9-7FA1E01D8D71}.Debug|x64.Build.0 = Debug|Any CPU
		{D4F7E879-4F0A-4C8A-9EF9-7FA1E01D8D71}.Debug|x86.ActiveCfg = Debug|Any CPU
		{D4F7E879-4F0A-4C8A-9EF9-7FA1E01D8D71}.Debug|x86.Build.0 = Debug|Any CPU
		{D4F7E879-4F0A-4C8A-9EF9-7FA1E01D8D71}.Release|Any CPU.ActiveCfg = Release|Any CPU
		{D4F7E879-4F0A-4C8A-9EF9-7FA1E01D8D71}.Release|Any CPU.Build.0 = Release|Any CPU
		{D4F7E879-4F0A-4C8A-9EF9-7FA1E01D8D71}.Release|x64.ActiveCfg = Release|Any CPU
		{D4F7E879-4F0A-4C8A-9EF9-7FA1E01D8D71}.Release|x64.Build.0 = Release|Any CPU
		{D4F7E879-4F0A-4C8A-9EF9-7FA1E01D8D71}.Release|x86.ActiveCfg = Release|Any CPU
		{D4F7E879-4F0A-4C8A-9EF9-7FA1E01D8D71}.Release|x86.Build.0 = Release|Any CPU
		{90197501-4435-5757-A8C0-5511D899293F}.Debug|Any CPU.ActiveCfg = Debug|Any CPU
		{90197501-4435-5757-A8C0-5511D899293F}.Debug|Any CPU.Build.0 = Debug|Any CPU
		{90197501-4435-5757-A8C0-5511D899293F}.Debug|x64.ActiveCfg = Debug|Any CPU
		{90197501-4435-5757-A8C0-5511D899293F}.Debug|x64.Build.0 = Debug|Any CPU
		{90197501-4435-5757-A8C0-5511D899293F}.Debug|x86.ActiveCfg = Debug|Any CPU
		{90197501-4435-5757-A8C0-5511D899293F}.Debug|x86.Build.0 = Debug|Any CPU
		{90197501-4435-5757-A8C0-5511D899293F}.Release|Any CPU.ActiveCfg = Release|Any CPU
		{90197501-4435-5757-A8C0-5511D899293F}.Release|Any CPU.Build.0 = Release|Any CPU
		{90197501-4435-5757-A8C0-5511D899293F}.Release|x64.ActiveCfg = Release|Any CPU
		{90197501-4435-5757-A8C0-5511D899293F}.Release|x64.Build.0 = Release|Any CPU
		{90197501-4435-5757-A8C0-5511D899293F}.Release|x86.ActiveCfg = Release|Any CPU
		{90197501-4435-5757-A8C0-5511D899293F}.Release|x86.Build.0 = Release|Any CPU
		{B17ACAF7-B9F1-4D07-BDFB-0E252699BE3F}.Debug|Any CPU.ActiveCfg = Debug|Any CPU
		{B17ACAF7-B9F1-4D07-BDFB-0E252699BE3F}.Debug|Any CPU.Build.0 = Debug|Any CPU
		{B17ACAF7-B9F1-4D07-BDFB-0E252699BE3F}.Debug|x64.ActiveCfg = Debug|Any CPU
		{B17ACAF7-B9F1-4D07-BDFB-0E252699BE3F}.Debug|x64.Build.0 = Debug|Any CPU
		{B17ACAF7-B9F1-4D07-BDFB-0E252699BE3F}.Debug|x86.ActiveCfg = Debug|Any CPU
		{B17ACAF7-B9F1-4D07-BDFB-0E252699BE3F}.Debug|x86.Build.0 = Debug|Any CPU
		{B17ACAF7-B9F1-4D07-BDFB-0E252699BE3F}.Release|Any CPU.ActiveCfg = Release|Any CPU
		{B17ACAF7-B9F1-4D07-BDFB-0E252699BE3F}.Release|Any CPU.Build.0 = Release|Any CPU
		{B17ACAF7-B9F1-4D07-BDFB-0E252699BE3F}.Release|x64.ActiveCfg = Release|Any CPU
		{B17ACAF7-B9F1-4D07-BDFB-0E252699BE3F}.Release|x64.Build.0 = Release|Any CPU
		{B17ACAF7-B9F1-4D07-BDFB-0E252699BE3F}.Release|x86.ActiveCfg = Release|Any CPU
		{B17ACAF7-B9F1-4D07-BDFB-0E252699BE3F}.Release|x86.Build.0 = Release|Any CPU
		{C6B4D5F1-6E1B-4A58-A92F-5B2BB88CFA46}.Debug|Any CPU.ActiveCfg = Debug|Any CPU
		{C6B4D5F1-6E1B-4A58-A92F-5B2BB88CFA46}.Debug|Any CPU.Build.0 = Debug|Any CPU
		{C6B4D5F1-6E1B-4A58-A92F-5B2BB88CFA46}.Debug|x64.ActiveCfg = Debug|Any CPU
		{C6B4D5F1-6E1B-4A58-A92F-5B2BB88CFA46}.Debug|x64.Build.0 = Debug|Any CPU
		{C6B4D5F1-6E1B-4A58-A92F-5B2BB88CFA46}.Debug|x86.ActiveCfg = Debug|Any CPU
		{C6B4D5F1-6E1B-4A58-A92F-5B2BB88CFA46}.Debug|x86.Build.0 = Debug|Any CPU
		{C6B4D5F1-6E1B-4A58-A92F-5B2BB88CFA46}.Release|Any CPU.ActiveCfg = Release|Any CPU
		{C6B4D5F1-6E1B-4A58-A92F-5B2BB88CFA46}.Release|Any CPU.Build.0 = Release|Any CPU
		{C6B4D5F1-6E1B-4A58-A92F-5B2BB88CFA46}.Release|x64.ActiveCfg = Release|Any CPU
		{C6B4D5F1-6E1B-4A58-A92F-5B2BB88CFA46}.Release|x64.Build.0 = Release|Any CPU
		{C6B4D5F1-6E1B-4A58-A92F-5B2BB88CFA46}.Release|x86.ActiveCfg = Release|Any CPU
		{C6B4D5F1-6E1B-4A58-A92F-5B2BB88CFA46}.Release|x86.Build.0 = Release|Any CPU
		{1E302BA3-5E85-5C3F-AD32-4773CFBB8CCA}.Debug|Any CPU.ActiveCfg = Debug|Any CPU
		{1E302BA3-5E85-5C3F-AD32-4773CFBB8CCA}.Debug|Any CPU.Build.0 = Debug|Any CPU
		{1E302BA3-5E85-5C3F-AD32-4773CFBB8CCA}.Debug|x64.ActiveCfg = Debug|Any CPU
		{1E302BA3-5E85-5C3F-AD32-4773CFBB8CCA}.Debug|x64.Build.0 = Debug|Any CPU
		{1E302BA3-5E85-5C3F-AD32-4773CFBB8CCA}.Debug|x86.ActiveCfg = Debug|Any CPU
		{1E302BA3-5E85-5C3F-AD32-4773CFBB8CCA}.Debug|x86.Build.0 = Debug|Any CPU
		{1E302BA3-5E85-5C3F-AD32-4773CFBB8CCA}.Release|Any CPU.ActiveCfg = Release|Any CPU
		{1E302BA3-5E85-5C3F-AD32-4773CFBB8CCA}.Release|Any CPU.Build.0 = Release|Any CPU
		{1E302BA3-5E85-5C3F-AD32-4773CFBB8CCA}.Release|x64.ActiveCfg = Release|Any CPU
		{1E302BA3-5E85-5C3F-AD32-4773CFBB8CCA}.Release|x64.Build.0 = Release|Any CPU
		{1E302BA3-5E85-5C3F-AD32-4773CFBB8CCA}.Release|x86.ActiveCfg = Release|Any CPU
		{1E302BA3-5E85-5C3F-AD32-4773CFBB8CCA}.Release|x86.Build.0 = Release|Any CPU
		{5A3333AB-C1AA-55D3-8481-E8050002DE1A}.Debug|Any CPU.ActiveCfg = Debug|Any CPU
		{5A3333AB-C1AA-55D3-8481-E8050002DE1A}.Debug|Any CPU.Build.0 = Debug|Any CPU
		{5A3333AB-C1AA-55D3-8481-E8050002DE1A}.Debug|x64.ActiveCfg = Debug|Any CPU
		{5A3333AB-C1AA-55D3-8481-E8050002DE1A}.Debug|x64.Build.0 = Debug|Any CPU
		{5A3333AB-C1AA-55D3-8481-E8050002DE1A}.Debug|x86.ActiveCfg = Debug|Any CPU
		{5A3333AB-C1AA-55D3-8481-E8050002DE1A}.Debug|x86.Build.0 = Debug|Any CPU
		{5A3333AB-C1AA-55D3-8481-E8050002DE1A}.Release|Any CPU.ActiveCfg = Release|Any CPU
		{5A3333AB-C1AA-55D3-8481-E8050002DE1A}.Release|Any CPU.Build.0 = Release|Any CPU
		{5A3333AB-C1AA-55D3-8481-E8050002DE1A}.Release|x64.ActiveCfg = Release|Any CPU
		{5A3333AB-C1AA-55D3-8481-E8050002DE1A}.Release|x64.Build.0 = Release|Any CPU
		{5A3333AB-C1AA-55D3-8481-E8050002DE1A}.Release|x86.ActiveCfg = Release|Any CPU
		{5A3333AB-C1AA-55D3-8481-E8050002DE1A}.Release|x86.Build.0 = Release|Any CPU
		{910EA0A8-7504-550B-BB04-85AAD7763F85}.Debug|Any CPU.ActiveCfg = Debug|Any CPU
		{910EA0A8-7504-550B-BB04-85AAD7763F85}.Debug|Any CPU.Build.0 = Debug|Any CPU
		{910EA0A8-7504-550B-BB04-85AAD7763F85}.Debug|x64.ActiveCfg = Debug|Any CPU
		{910EA0A8-7504-550B-BB04-85AAD7763F85}.Debug|x64.Build.0 = Debug|Any CPU
		{910EA0A8-7504-550B-BB04-85AAD7763F85}.Debug|x86.ActiveCfg = Debug|Any CPU
		{910EA0A8-7504-550B-BB04-85AAD7763F85}.Debug|x86.Build.0 = Debug|Any CPU
		{910EA0A8-7504-550B-BB04-85AAD7763F85}.Release|Any CPU.ActiveCfg = Release|Any CPU
		{910EA0A8-7504-550B-BB04-85AAD7763F85}.Release|Any CPU.Build.0 = Release|Any CPU
		{910EA0A8-7504-550B-BB04-85AAD7763F85}.Release|x64.ActiveCfg = Release|Any CPU
		{910EA0A8-7504-550B-BB04-85AAD7763F85}.Release|x64.Build.0 = Release|Any CPU
		{910EA0A8-7504-550B-BB04-85AAD7763F85}.Release|x86.ActiveCfg = Release|Any CPU
		{910EA0A8-7504-550B-BB04-85AAD7763F85}.Release|x86.Build.0 = Release|Any CPU
		{B3876F23-6514-5FB7-96A1-8FA2710DB8FB}.Debug|Any CPU.ActiveCfg = Debug|Any CPU
		{B3876F23-6514-5FB7-96A1-8FA2710DB8FB}.Debug|Any CPU.Build.0 = Debug|Any CPU
		{B3876F23-6514-5FB7-96A1-8FA2710DB8FB}.Debug|x64.ActiveCfg = Debug|Any CPU
		{B3876F23-6514-5FB7-96A1-8FA2710DB8FB}.Debug|x64.Build.0 = Debug|Any CPU
		{B3876F23-6514-5FB7-96A1-8FA2710DB8FB}.Debug|x86.ActiveCfg = Debug|Any CPU
		{B3876F23-6514-5FB7-96A1-8FA2710DB8FB}.Debug|x86.Build.0 = Debug|Any CPU
		{B3876F23-6514-5FB7-96A1-8FA2710DB8FB}.Release|Any CPU.ActiveCfg = Release|Any CPU
		{B3876F23-6514-5FB7-96A1-8FA2710DB8FB}.Release|Any CPU.Build.0 = Release|Any CPU
		{B3876F23-6514-5FB7-96A1-8FA2710DB8FB}.Release|x64.ActiveCfg = Release|Any CPU
		{B3876F23-6514-5FB7-96A1-8FA2710DB8FB}.Release|x64.Build.0 = Release|Any CPU
		{B3876F23-6514-5FB7-96A1-8FA2710DB8FB}.Release|x86.ActiveCfg = Release|Any CPU
		{B3876F23-6514-5FB7-96A1-8FA2710DB8FB}.Release|x86.Build.0 = Release|Any CPU
		{997B6D47-15AB-5D21-96C7-278E1921ADD8}.Debug|Any CPU.ActiveCfg = Debug|Any CPU
		{997B6D47-15AB-5D21-96C7-278E1921ADD8}.Debug|Any CPU.Build.0 = Debug|Any CPU
		{997B6D47-15AB-5D21-96C7-278E1921ADD8}.Debug|x64.ActiveCfg = Debug|Any CPU
		{997B6D47-15AB-5D21-96C7-278E1921ADD8}.Debug|x64.Build.0 = Debug|Any CPU
		{997B6D47-15AB-5D21-96C7-278E1921ADD8}.Debug|x86.ActiveCfg = Debug|Any CPU
		{997B6D47-15AB-5D21-96C7-278E1921ADD8}.Debug|x86.Build.0 = Debug|Any CPU
		{997B6D47-15AB-5D21-96C7-278E1921ADD8}.Release|Any CPU.ActiveCfg = Release|Any CPU
		{997B6D47-15AB-5D21-96C7-278E1921ADD8}.Release|Any CPU.Build.0 = Release|Any CPU
		{997B6D47-15AB-5D21-96C7-278E1921ADD8}.Release|x64.ActiveCfg = Release|Any CPU
		{997B6D47-15AB-5D21-96C7-278E1921ADD8}.Release|x64.Build.0 = Release|Any CPU
		{997B6D47-15AB-5D21-96C7-278E1921ADD8}.Release|x86.ActiveCfg = Release|Any CPU
		{997B6D47-15AB-5D21-96C7-278E1921ADD8}.Release|x86.Build.0 = Release|Any CPU
		{1F26D797-12E7-5521-B87F-90EA62E9BBB6}.Debug|Any CPU.ActiveCfg = Debug|Any CPU
		{1F26D797-12E7-5521-B87F-90EA62E9BBB6}.Debug|Any CPU.Build.0 = Debug|Any CPU
		{1F26D797-12E7-5521-B87F-90EA62E9BBB6}.Debug|x64.ActiveCfg = Debug|Any CPU
		{1F26D797-12E7-5521-B87F-90EA62E9BBB6}.Debug|x64.Build.0 = Debug|Any CPU
		{1F26D797-12E7-5521-B87F-90EA62E9BBB6}.Debug|x86.ActiveCfg = Debug|Any CPU
		{1F26D797-12E7-5521-B87F-90EA62E9BBB6}.Debug|x86.Build.0 = Debug|Any CPU
		{1F26D797-12E7-5521-B87F-90EA62E9BBB6}.Release|Any CPU.ActiveCfg = Release|Any CPU
		{1F26D797-12E7-5521-B87F-90EA62E9BBB6}.Release|Any CPU.Build.0 = Release|Any CPU
		{1F26D797-12E7-5521-B87F-90EA62E9BBB6}.Release|x64.ActiveCfg = Release|Any CPU
		{1F26D797-12E7-5521-B87F-90EA62E9BBB6}.Release|x64.Build.0 = Release|Any CPU
		{1F26D797-12E7-5521-B87F-90EA62E9BBB6}.Release|x86.ActiveCfg = Release|Any CPU
		{1F26D797-12E7-5521-B87F-90EA62E9BBB6}.Release|x86.Build.0 = Release|Any CPU
		{C168DE48-8008-58EF-9139-84142B99F61F}.Debug|Any CPU.ActiveCfg = Debug|Any CPU
		{C168DE48-8008-58EF-9139-84142B99F61F}.Debug|Any CPU.Build.0 = Debug|Any CPU
		{C168DE48-8008-58EF-9139-84142B99F61F}.Debug|x64.ActiveCfg = Debug|Any CPU
		{C168DE48-8008-58EF-9139-84142B99F61F}.Debug|x64.Build.0 = Debug|Any CPU
		{C168DE48-8008-58EF-9139-84142B99F61F}.Debug|x86.ActiveCfg = Debug|Any CPU
		{C168DE48-8008-58EF-9139-84142B99F61F}.Debug|x86.Build.0 = Debug|Any CPU
		{C168DE48-8008-58EF-9139-84142B99F61F}.Release|Any CPU.ActiveCfg = Release|Any CPU
		{C168DE48-8008-58EF-9139-84142B99F61F}.Release|Any CPU.Build.0 = Release|Any CPU
		{C168DE48-8008-58EF-9139-84142B99F61F}.Release|x64.ActiveCfg = Release|Any CPU
		{C168DE48-8008-58EF-9139-84142B99F61F}.Release|x64.Build.0 = Release|Any CPU
		{C168DE48-8008-58EF-9139-84142B99F61F}.Release|x86.ActiveCfg = Release|Any CPU
		{C168DE48-8008-58EF-9139-84142B99F61F}.Release|x86.Build.0 = Release|Any CPU
		{80F03AD9-CCEB-53AF-AA2F-B96C833A8E3B}.Debug|Any CPU.ActiveCfg = Debug|Any CPU
		{80F03AD9-CCEB-53AF-AA2F-B96C833A8E3B}.Debug|Any CPU.Build.0 = Debug|Any CPU
		{80F03AD9-CCEB-53AF-AA2F-B96C833A8E3B}.Debug|x64.ActiveCfg = Debug|Any CPU
		{80F03AD9-CCEB-53AF-AA2F-B96C833A8E3B}.Debug|x64.Build.0 = Debug|Any CPU
		{80F03AD9-CCEB-53AF-AA2F-B96C833A8E3B}.Debug|x86.ActiveCfg = Debug|Any CPU
		{80F03AD9-CCEB-53AF-AA2F-B96C833A8E3B}.Debug|x86.Build.0 = Debug|Any CPU
		{80F03AD9-CCEB-53AF-AA2F-B96C833A8E3B}.Release|Any CPU.ActiveCfg = Release|Any CPU
		{80F03AD9-CCEB-53AF-AA2F-B96C833A8E3B}.Release|Any CPU.Build.0 = Release|Any CPU
		{80F03AD9-CCEB-53AF-AA2F-B96C833A8E3B}.Release|x64.ActiveCfg = Release|Any CPU
		{80F03AD9-CCEB-53AF-AA2F-B96C833A8E3B}.Release|x64.Build.0 = Release|Any CPU
		{80F03AD9-CCEB-53AF-AA2F-B96C833A8E3B}.Release|x86.ActiveCfg = Release|Any CPU
		{80F03AD9-CCEB-53AF-AA2F-B96C833A8E3B}.Release|x86.Build.0 = Release|Any CPU
		{B2289149-2A81-534A-8248-195432DCC2C8}.Debug|Any CPU.ActiveCfg = Debug|Any CPU
		{B2289149-2A81-534A-8248-195432DCC2C8}.Debug|Any CPU.Build.0 = Debug|Any CPU
		{B2289149-2A81-534A-8248-195432DCC2C8}.Debug|x64.ActiveCfg = Debug|Any CPU
		{B2289149-2A81-534A-8248-195432DCC2C8}.Debug|x64.Build.0 = Debug|Any CPU
		{B2289149-2A81-534A-8248-195432DCC2C8}.Debug|x86.ActiveCfg = Debug|Any CPU
		{B2289149-2A81-534A-8248-195432DCC2C8}.Debug|x86.Build.0 = Debug|Any CPU
		{B2289149-2A81-534A-8248-195432DCC2C8}.Release|Any CPU.ActiveCfg = Release|Any CPU
		{B2289149-2A81-534A-8248-195432DCC2C8}.Release|Any CPU.Build.0 = Release|Any CPU
		{B2289149-2A81-534A-8248-195432DCC2C8}.Release|x64.ActiveCfg = Release|Any CPU
		{B2289149-2A81-534A-8248-195432DCC2C8}.Release|x64.Build.0 = Release|Any CPU
		{B2289149-2A81-534A-8248-195432DCC2C8}.Release|x86.ActiveCfg = Release|Any CPU
		{B2289149-2A81-534A-8248-195432DCC2C8}.Release|x86.Build.0 = Release|Any CPU
		{5B94ECF4-90C1-5DA1-B738-279303668ED7}.Debug|Any CPU.ActiveCfg = Debug|Any CPU
		{5B94ECF4-90C1-5DA1-B738-279303668ED7}.Debug|Any CPU.Build.0 = Debug|Any CPU
		{5B94ECF4-90C1-5DA1-B738-279303668ED7}.Debug|x64.ActiveCfg = Debug|Any CPU
		{5B94ECF4-90C1-5DA1-B738-279303668ED7}.Debug|x64.Build.0 = Debug|Any CPU
		{5B94ECF4-90C1-5DA1-B738-279303668ED7}.Debug|x86.ActiveCfg = Debug|Any CPU
		{5B94ECF4-90C1-5DA1-B738-279303668ED7}.Debug|x86.Build.0 = Debug|Any CPU
		{5B94ECF4-90C1-5DA1-B738-279303668ED7}.Release|Any CPU.ActiveCfg = Release|Any CPU
		{5B94ECF4-90C1-5DA1-B738-279303668ED7}.Release|Any CPU.Build.0 = Release|Any CPU
		{5B94ECF4-90C1-5DA1-B738-279303668ED7}.Release|x64.ActiveCfg = Release|Any CPU
		{5B94ECF4-90C1-5DA1-B738-279303668ED7}.Release|x64.Build.0 = Release|Any CPU
		{5B94ECF4-90C1-5DA1-B738-279303668ED7}.Release|x86.ActiveCfg = Release|Any CPU
		{5B94ECF4-90C1-5DA1-B738-279303668ED7}.Release|x86.Build.0 = Release|Any CPU
		{90C87BDC-B9F2-55CD-930B-2804950DB55E}.Debug|Any CPU.ActiveCfg = Debug|Any CPU
		{90C87BDC-B9F2-55CD-930B-2804950DB55E}.Debug|Any CPU.Build.0 = Debug|Any CPU
		{90C87BDC-B9F2-55CD-930B-2804950DB55E}.Debug|x64.ActiveCfg = Debug|Any CPU
		{90C87BDC-B9F2-55CD-930B-2804950DB55E}.Debug|x64.Build.0 = Debug|Any CPU
		{90C87BDC-B9F2-55CD-930B-2804950DB55E}.Debug|x86.ActiveCfg = Debug|Any CPU
		{90C87BDC-B9F2-55CD-930B-2804950DB55E}.Debug|x86.Build.0 = Debug|Any CPU
		{90C87BDC-B9F2-55CD-930B-2804950DB55E}.Release|Any CPU.ActiveCfg = Release|Any CPU
		{90C87BDC-B9F2-55CD-930B-2804950DB55E}.Release|Any CPU.Build.0 = Release|Any CPU
		{90C87BDC-B9F2-55CD-930B-2804950DB55E}.Release|x64.ActiveCfg = Release|Any CPU
		{90C87BDC-B9F2-55CD-930B-2804950DB55E}.Release|x64.Build.0 = Release|Any CPU
		{90C87BDC-B9F2-55CD-930B-2804950DB55E}.Release|x86.ActiveCfg = Release|Any CPU
		{90C87BDC-B9F2-55CD-930B-2804950DB55E}.Release|x86.Build.0 = Release|Any CPU
		{8118F7E6-3FB9-509E-AF59-577268EEF548}.Debug|Any CPU.ActiveCfg = Debug|Any CPU
		{8118F7E6-3FB9-509E-AF59-577268EEF548}.Debug|Any CPU.Build.0 = Debug|Any CPU
		{8118F7E6-3FB9-509E-AF59-577268EEF548}.Debug|x64.ActiveCfg = Debug|Any CPU
		{8118F7E6-3FB9-509E-AF59-577268EEF548}.Debug|x64.Build.0 = Debug|Any CPU
		{8118F7E6-3FB9-509E-AF59-577268EEF548}.Debug|x86.ActiveCfg = Debug|Any CPU
		{8118F7E6-3FB9-509E-AF59-577268EEF548}.Debug|x86.Build.0 = Debug|Any CPU
		{8118F7E6-3FB9-509E-AF59-577268EEF548}.Release|Any CPU.ActiveCfg = Release|Any CPU
		{8118F7E6-3FB9-509E-AF59-577268EEF548}.Release|Any CPU.Build.0 = Release|Any CPU
		{8118F7E6-3FB9-509E-AF59-577268EEF548}.Release|x64.ActiveCfg = Release|Any CPU
		{8118F7E6-3FB9-509E-AF59-577268EEF548}.Release|x64.Build.0 = Release|Any CPU
		{8118F7E6-3FB9-509E-AF59-577268EEF548}.Release|x86.ActiveCfg = Release|Any CPU
		{8118F7E6-3FB9-509E-AF59-577268EEF548}.Release|x86.Build.0 = Release|Any CPU
		{6D43572D-193D-5764-8493-3B1C350971D4}.Debug|Any CPU.ActiveCfg = Debug|Any CPU
		{6D43572D-193D-5764-8493-3B1C350971D4}.Debug|Any CPU.Build.0 = Debug|Any CPU
		{6D43572D-193D-5764-8493-3B1C350971D4}.Debug|x64.ActiveCfg = Debug|Any CPU
		{6D43572D-193D-5764-8493-3B1C350971D4}.Debug|x64.Build.0 = Debug|Any CPU
		{6D43572D-193D-5764-8493-3B1C350971D4}.Debug|x86.ActiveCfg = Debug|Any CPU
		{6D43572D-193D-5764-8493-3B1C350971D4}.Debug|x86.Build.0 = Debug|Any CPU
		{6D43572D-193D-5764-8493-3B1C350971D4}.Release|Any CPU.ActiveCfg = Release|Any CPU
		{6D43572D-193D-5764-8493-3B1C350971D4}.Release|Any CPU.Build.0 = Release|Any CPU
		{6D43572D-193D-5764-8493-3B1C350971D4}.Release|x64.ActiveCfg = Release|Any CPU
		{6D43572D-193D-5764-8493-3B1C350971D4}.Release|x64.Build.0 = Release|Any CPU
		{6D43572D-193D-5764-8493-3B1C350971D4}.Release|x86.ActiveCfg = Release|Any CPU
		{6D43572D-193D-5764-8493-3B1C350971D4}.Release|x86.Build.0 = Release|Any CPU
		{894E6F10-435D-4458-AC40-FFA785186D91}.Debug|Any CPU.ActiveCfg = Debug|Any CPU
		{894E6F10-435D-4458-AC40-FFA785186D91}.Debug|Any CPU.Build.0 = Debug|Any CPU
		{894E6F10-435D-4458-AC40-FFA785186D91}.Debug|x64.ActiveCfg = Debug|Any CPU
		{894E6F10-435D-4458-AC40-FFA785186D91}.Debug|x64.Build.0 = Debug|Any CPU
		{894E6F10-435D-4458-AC40-FFA785186D91}.Debug|x86.ActiveCfg = Debug|Any CPU
		{894E6F10-435D-4458-AC40-FFA785186D91}.Debug|x86.Build.0 = Debug|Any CPU
		{894E6F10-435D-4458-AC40-FFA785186D91}.Release|Any CPU.ActiveCfg = Release|Any CPU
		{894E6F10-435D-4458-AC40-FFA785186D91}.Release|Any CPU.Build.0 = Release|Any CPU
		{894E6F10-435D-4458-AC40-FFA785186D91}.Release|x64.ActiveCfg = Release|Any CPU
		{894E6F10-435D-4458-AC40-FFA785186D91}.Release|x64.Build.0 = Release|Any CPU
		{894E6F10-435D-4458-AC40-FFA785186D91}.Release|x86.ActiveCfg = Release|Any CPU
		{894E6F10-435D-4458-AC40-FFA785186D91}.Release|x86.Build.0 = Release|Any CPU
	EndGlobalSection
	GlobalSection(SolutionProperties) = preSolution
		HideSolutionNode = FALSE
	EndGlobalSection
	GlobalSection(NestedProjects) = preSolution
		{894E6F10-435D-4458-AC40-FFA785186D91} = {0AB3BF05-4346-4AA6-1389-037BE0695223}
	EndGlobalSection
EndGlobal
