Microsoft Visual Studio Solution File, Format Version 12.00
# Visual Studio Version 17
VisualStudioVersion = 17.0.31903.59
MinimumVisualStudioVersion = 10.0.40219.1
Project("{FAE04EC0-301F-11D3-BF4B-00C04F79EFBC}") = "IdentityAccess.Contracts", "src\IdentityAccess.Contracts\IdentityAccess.Contracts.csproj", "{8BB2AA15-0B9E-582C-9973-C2DE7FA6552C}"
EndProject
Project("{FAE04EC0-301F-11D3-BF4B-00C04F79EFBC}") = "IdentityAccess.Domain", "src\IdentityAccess.Domain\IdentityAccess.Domain.csproj", "{08D321DA-2173-5737-A7B3-13F14D50FA69}"
EndProject
Project("{FAE04EC0-301F-11D3-BF4B-00C04F79EFBC}") = "IdentityAccess.Application", "src\IdentityAccess.Application\IdentityAccess.Application.csproj", "{15955DE0-E40C-599B-9776-32A9AAD92AD7}"
EndProject
Project("{FAE04EC0-301F-11D3-BF4B-00C04F79EFBC}") = "IdentityAccess.Api", "src\IdentityAccess.Api\IdentityAccess.Api.csproj", "{80831206-0809-523D-99B5-4182F581111F}"
EndProject
Project("{FAE04EC0-301F-11D3-BF4B-00C04F79EFBC}") = "IdentityAccess.Tests", "tests\IdentityAccess.Tests\IdentityAccess.Tests.csproj", "{68E7E100-E3AB-5B6F-B306-182CD97DCBB1}"
EndProject
Project("{FAE04EC0-301F-11D3-BF4B-00C04F79EFBC}") = "IdentityAccess.Infrastructure.ConfigurationRouting", "src\IdentityAccess.Infrastructure.ConfigurationRouting\IdentityAccess.Infrastructure.ConfigurationRouting.csproj", "{72EA5C31-67F2-466E-ABBA-7211981C46A3}"
EndProject
Project("{FAE04EC0-301F-11D3-BF4B-00C04F79EFBC}") = "IdentityAccess.Infrastructure.PostgreSql", "src\IdentityAccess.Infrastructure.PostgreSql\IdentityAccess.Infrastructure.PostgreSql.csproj", "{2A6DBD5D-A447-4B33-9D62-B7C2A5229E11}"
EndProject
Project("{FAE04EC0-301F-11D3-BF4B-00C04F79EFBC}") = "IdentityAccess.Rbac", "src\IdentityAccess.Rbac\IdentityAccess.Rbac.csproj", "{A8E411AB-3A1E-4A43-BCA7-73BFC4E16101}"
EndProject
Project("{FAE04EC0-301F-11D3-BF4B-00C04F79EFBC}") = "IdentityAccess.Rbac.MultiplexedAdapter", "src\IdentityAccess.Rbac.MultiplexedAdapter\IdentityAccess.Rbac.MultiplexedAdapter.csproj", "{0A0C87B4-D4A8-4634-A54E-1D071489DB02}"
EndProject
Project("{FAE04EC0-301F-11D3-BF4B-00C04F79EFBC}") = "IdentityAccess.Authorization", "src\IdentityAccess.Authorization\IdentityAccess.Authorization.csproj", "{5B7B621E-25D7-46A6-8B1C-B5EA35E53D41}"
EndProject
Project("{FAE04EC0-301F-11D3-BF4B-00C04F79EFBC}") = "IdentityAccess.Infrastructure.Authentication", "src\IdentityAccess.Infrastructure.Authentication\IdentityAccess.Infrastructure.Authentication.csproj", "{D4F7E879-4F0A-4C8A-9EF9-7FA1E01D8D71}"
EndProject
Project("{FAE04EC0-301F-11D3-BF4B-00C04F79EFBC}") = "IdentityAccess.Mfa.Totp", "src\IdentityAccess.Mfa.Totp\IdentityAccess.Mfa.Totp.csproj", "{90197501-4435-5757-A8C0-5511D899293F}"
EndProject
Project("{FAE04EC0-301F-11D3-BF4B-00C04F79EFBC}") = "IdentityAccess.Mfa.Recovery", "src\IdentityAccess.Mfa.Recovery\IdentityAccess.Mfa.Recovery.csproj", "{B17ACAF7-B9F1-4D07-BDFB-0E252699BE3F}"
EndProject
Project("{FAE04EC0-301F-11D3-BF4B-00C04F79EFBC}") = "IdentityAccess.Mfa.WebAuthn", "src\IdentityAccess.Mfa.WebAuthn\IdentityAccess.Mfa.WebAuthn.csproj", "{C6B4D5F1-6E1B-4A58-A92F-5B2BB88CFA46}"
EndProject
Global
	GlobalSection(SolutionConfigurationPlatforms) = preSolution
		Debug|Any CPU = Debug|Any CPU
		Release|Any CPU = Release|Any CPU
	EndGlobalSection
	GlobalSection(ProjectConfigurationPlatforms) = postSolution
		{C6B4D5F1-6E1B-4A58-A92F-5B2BB88CFA46}.Debug|Any CPU.ActiveCfg = Debug|Any CPU
		{C6B4D5F1-6E1B-4A58-A92F-5B2BB88CFA46}.Debug|Any CPU.Build.0 = Debug|Any CPU
		{C6B4D5F1-6E1B-4A58-A92F-5B2BB88CFA46}.Release|Any CPU.ActiveCfg = Release|Any CPU
		{C6B4D5F1-6E1B-4A58-A92F-5B2BB88CFA46}.Release|Any CPU.Build.0 = Release|Any CPU
		{B17ACAF7-B9F1-4D07-BDFB-0E252699BE3F}.Debug|Any CPU.ActiveCfg = Debug|Any CPU
		{B17ACAF7-B9F1-4D07-BDFB-0E252699BE3F}.Debug|Any CPU.Build.0 = Debug|Any CPU
		{B17ACAF7-B9F1-4D07-BDFB-0E252699BE3F}.Release|Any CPU.ActiveCfg = Release|Any CPU
		{B17ACAF7-B9F1-4D07-BDFB-0E252699BE3F}.Release|Any CPU.Build.0 = Release|Any CPU
		{90197501-4435-5757-A8C0-5511D899293F}.Debug|Any CPU.ActiveCfg = Debug|Any CPU
		{90197501-4435-5757-A8C0-5511D899293F}.Debug|Any CPU.Build.0 = Debug|Any CPU
		{90197501-4435-5757-A8C0-5511D899293F}.Release|Any CPU.ActiveCfg = Release|Any CPU
		{90197501-4435-5757-A8C0-5511D899293F}.Release|Any CPU.Build.0 = Release|Any CPU
		{D4F7E879-4F0A-4C8A-9EF9-7FA1E01D8D71}.Debug|Any CPU.ActiveCfg = Debug|Any CPU
		{D4F7E879-4F0A-4C8A-9EF9-7FA1E01D8D71}.Debug|Any CPU.Build.0 = Debug|Any CPU
		{D4F7E879-4F0A-4C8A-9EF9-7FA1E01D8D71}.Release|Any CPU.ActiveCfg = Release|Any CPU
		{D4F7E879-4F0A-4C8A-9EF9-7FA1E01D8D71}.Release|Any CPU.Build.0 = Release|Any CPU
		{5B7B621E-25D7-46A6-8B1C-B5EA35E53D41}.Debug|Any CPU.ActiveCfg = Debug|Any CPU
		{5B7B621E-25D7-46A6-8B1C-B5EA35E53D41}.Debug|Any CPU.Build.0 = Debug|Any CPU
		{5B7B621E-25D7-46A6-8B1C-B5EA35E53D41}.Release|Any CPU.ActiveCfg = Release|Any CPU
		{5B7B621E-25D7-46A6-8B1C-B5EA35E53D41}.Release|Any CPU.Build.0 = Release|Any CPU
		{A8E411AB-3A1E-4A43-BCA7-73BFC4E16101}.Debug|Any CPU.ActiveCfg = Debug|Any CPU
		{A8E411AB-3A1E-4A43-BCA7-73BFC4E16101}.Debug|Any CPU.Build.0 = Debug|Any CPU
		{A8E411AB-3A1E-4A43-BCA7-73BFC4E16101}.Release|Any CPU.ActiveCfg = Release|Any CPU
		{A8E411AB-3A1E-4A43-BCA7-73BFC4E16101}.Release|Any CPU.Build.0 = Release|Any CPU
		{0A0C87B4-D4A8-4634-A54E-1D071489DB02}.Debug|Any CPU.ActiveCfg = Debug|Any CPU
		{0A0C87B4-D4A8-4634-A54E-1D071489DB02}.Debug|Any CPU.Build.0 = Debug|Any CPU
		{0A0C87B4-D4A8-4634-A54E-1D071489DB02}.Release|Any CPU.ActiveCfg = Release|Any CPU
		{0A0C87B4-D4A8-4634-A54E-1D071489DB02}.Release|Any CPU.Build.0 = Release|Any CPU
		{2A6DBD5D-A447-4B33-9D62-B7C2A5229E11}.Debug|Any CPU.ActiveCfg = Debug|Any CPU
		{2A6DBD5D-A447-4B33-9D62-B7C2A5229E11}.Debug|Any CPU.Build.0 = Debug|Any CPU
		{2A6DBD5D-A447-4B33-9D62-B7C2A5229E11}.Release|Any CPU.ActiveCfg = Release|Any CPU
		{2A6DBD5D-A447-4B33-9D62-B7C2A5229E11}.Release|Any CPU.Build.0 = Release|Any CPU
		{72EA5C31-67F2-466E-ABBA-7211981C46A3}.Debug|Any CPU.ActiveCfg = Debug|Any CPU
		{72EA5C31-67F2-466E-ABBA-7211981C46A3}.Debug|Any CPU.Build.0 = Debug|Any CPU
		{72EA5C31-67F2-466E-ABBA-7211981C46A3}.Release|Any CPU.ActiveCfg = Release|Any CPU
		{72EA5C31-67F2-466E-ABBA-7211981C46A3}.Release|Any CPU.Build.0 = Release|Any CPU
		{8BB2AA15-0B9E-582C-9973-C2DE7FA6552C}.Debug|Any CPU.ActiveCfg = Debug|Any CPU
		{8BB2AA15-0B9E-582C-9973-C2DE7FA6552C}.Debug|Any CPU.Build.0 = Debug|Any CPU
		{8BB2AA15-0B9E-582C-9973-C2DE7FA6552C}.Release|Any CPU.ActiveCfg = Release|Any CPU
		{8BB2AA15-0B9E-582C-9973-C2DE7FA6552C}.Release|Any CPU.Build.0 = Release|Any CPU
		{08D321DA-2173-5737-A7B3-13F14D50FA69}.Debug|Any CPU.ActiveCfg = Debug|Any CPU
		{08D321DA-2173-5737-A7B3-13F14D50FA69}.Debug|Any CPU.Build.0 = Debug|Any CPU
		{08D321DA-2173-5737-A7B3-13F14D50FA69}.Release|Any CPU.ActiveCfg = Release|Any CPU
		{08D321DA-2173-5737-A7B3-13F14D50FA69}.Release|Any CPU.Build.0 = Release|Any CPU
		{15955DE0-E40C-599B-9776-32A9AAD92AD7}.Debug|Any CPU.ActiveCfg = Debug|Any CPU
		{15955DE0-E40C-599B-9776-32A9AAD92AD7}.Debug|Any CPU.Build.0 = Debug|Any CPU
		{15955DE0-E40C-599B-9776-32A9AAD92AD7}.Release|Any CPU.ActiveCfg = Release|Any CPU
		{15955DE0-E40C-599B-9776-32A9AAD92AD7}.Release|Any CPU.Build.0 = Release|Any CPU
		{80831206-0809-523D-99B5-4182F581111F}.Debug|Any CPU.ActiveCfg = Debug|Any CPU
		{80831206-0809-523D-99B5-4182F581111F}.Debug|Any CPU.Build.0 = Debug|Any CPU
		{80831206-0809-523D-99B5-4182F581111F}.Release|Any CPU.ActiveCfg = Release|Any CPU
		{80831206-0809-523D-99B5-4182F581111F}.Release|Any CPU.Build.0 = Release|Any CPU
		{68E7E100-E3AB-5B6F-B306-182CD97DCBB1}.Debug|Any CPU.ActiveCfg = Debug|Any CPU
		{68E7E100-E3AB-5B6F-B306-182CD97DCBB1}.Debug|Any CPU.Build.0 = Debug|Any CPU
		{68E7E100-E3AB-5B6F-B306-182CD97DCBB1}.Release|Any CPU.ActiveCfg = Release|Any CPU
		{68E7E100-E3AB-5B6F-B306-182CD97DCBB1}.Release|Any CPU.Build.0 = Release|Any CPU
	EndGlobalSection
EndGlobal
